Microsoft Visual Studio Solution File, Format Version 11.00
# Visual Studio 2008

Project("{A493B74B-387B-2375-EAE8-E8422E53FF60}") = "TheDudeFinal", "Assembly-CSharp-firstpass.csproj", "{6EA76FD0-9BE3-0A04-E98E-9205DADA3AA4}"
EndProject
Project("{A493B74B-387B-2375-EAE8-E8422E53FF60}") = "TheDudeFinal", "Assembly-CSharp.csproj", "{21738C4C-35F1-8D54-9783-6AB3A77C62FD}"
EndProject
Project("{A493B74B-387B-2375-EAE8-E8422E53FF60}") = "TheDudeFinal", "Assembly-CSharp-Editor.csproj", "{8DBF75FD-6EE8-31BD-BC8D-69C3EDAC4E9F}"
EndProject
Project("{A493B74B-387B-2375-EAE8-E8422E53FF60}") = "TheDudeFinal", "Assembly-UnityScript-firstpass.unityproj", "{F6506305-1325-8A56-2144-1D970E7EA935}"
EndProject
Project("{A493B74B-387B-2375-EAE8-E8422E53FF60}") = "TheDudeFinal", "Assembly-UnityScript.unityproj", "{12F38848-0FC4-E8C0-9D93-7125C9F2BB7F}"
EndProject
Global
	GlobalSection(SolutionConfigurationPlatforms) = preSolution
		Debug|Any CPU = Debug|Any CPU
		Release|Any CPU = Release|Any CPU
	EndGlobalSection
	GlobalSection(ProjectConfigurationPlatforms) = postSolution
		{6EA76FD0-9BE3-0A04-E98E-9205DADA3AA4}.Debug|Any CPU.ActiveCfg = Debug|Any CPU
		{6EA76FD0-9BE3-0A04-E98E-9205DADA3AA4}.Debug|Any CPU.Build.0 = Debug|Any CPU
		{6EA76FD0-9BE3-0A04-E98E-9205DADA3AA4}.Release|Any CPU.ActiveCfg = Release|Any CPU
		{6EA76FD0-9BE3-0A04-E98E-9205DADA3AA4}.Release|Any CPU.Build.0 = Release|Any CPU
		{21738C4C-35F1-8D54-9783-6AB3A77C62FD}.Debug|Any CPU.ActiveCfg = Debug|Any CPU
		{21738C4C-35F1-8D54-9783-6AB3A77C62FD}.Debug|Any CPU.Build.0 = Debug|Any CPU
		{21738C4C-35F1-8D54-9783-6AB3A77C62FD}.Release|Any CPU.ActiveCfg = Release|Any CPU
		{21738C4C-35F1-8D54-9783-6AB3A77C62FD}.Release|Any CPU.Build.0 = Release|Any CPU
		{8DBF75FD-6EE8-31BD-BC8D-69C3EDAC4E9F}.Debug|Any CPU.ActiveCfg = Debug|Any CPU
		{8DBF75FD-6EE8-31BD-BC8D-69C3EDAC4E9F}.Debug|Any CPU.Build.0 = Debug|Any CPU
		{8DBF75FD-6EE8-31BD-BC8D-69C3EDAC4E9F}.Release|Any CPU.ActiveCfg = Release|Any CPU
		{8DBF75FD-6EE8-31BD-BC8D-69C3EDAC4E9F}.Release|Any CPU.Build.0 = Release|Any CPU
		{F6506305-1325-8A56-2144-1D970E7EA935}.Debug|Any CPU.ActiveCfg = Debug|Any CPU
		{F6506305-1325-8A56-2144-1D970E7EA935}.Debug|Any CPU.Build.0 = Debug|Any CPU
		{F6506305-1325-8A56-2144-1D970E7EA935}.Release|Any CPU.ActiveCfg = Release|Any CPU
		{F6506305-1325-8A56-2144-1D970E7EA935}.Release|Any CPU.Build.0 = Release|Any CPU
		{12F38848-0FC4-E8C0-9D93-7125C9F2BB7F}.Debug|Any CPU.ActiveCfg = Debug|Any CPU
		{12F38848-0FC4-E8C0-9D93-7125C9F2BB7F}.Debug|Any CPU.Build.0 = Debug|Any CPU
		{12F38848-0FC4-E8C0-9D93-7125C9F2BB7F}.Release|Any CPU.ActiveCfg = Release|Any CPU
		{12F38848-0FC4-E8C0-9D93-7125C9F2BB7F}.Release|Any CPU.Build.0 = Release|Any CPU
	EndGlobalSection
	GlobalSection(SolutionProperties) = preSolution
		HideSolutionNode = FALSE
	EndGlobalSection
															GlobalSection(MonoDevelopProperties) = preSolution
		StartupItem = Assembly-CSharp.csproj
		Policies = $0
		$0.TextStylePolicy = $1
		$1.inheritsSet = null
		$1.scope = text/x-csharp
		$0.CSharpFormattingPolicy = $2
		$2.inheritsSet = Mono
		$2.inheritsScope = text/x-csharp
		$2.scope = text/x-csharp
		$0.TextStylePolicy = $3
		$3.FileWidth = 120
		$3.TabWidth = 4
		$3.EolMarker = Unix
		$3.inheritsSet = Mono
		$3.inheritsScope = text/plain
		$3.scope = text/plain
	EndGlobalSection

EndGlobal
